
Microsoft Visual Studio Solution File, Format Version 12.00
# Visual Studio Version 17
VisualStudioVersion = 17.4.33103.184
MinimumVisualStudioVersion = 10.0.40219.1
Project("{FAE04EC0-301F-11D3-BF4B-00C04F79EFBC}") = "day1", "day1\day1.csproj", "{7B57C4AE-0458-444E-98E9-A24E44EAEE25}"
EndProject
Project("{FAE04EC0-301F-11D3-BF4B-00C04F79EFBC}") = "day2", "day2\day2.csproj", "{011366A0-068E-47D4-A050-C26A5B7BFDCC}"
EndProject
Project("{FAE04EC0-301F-11D3-BF4B-00C04F79EFBC}") = "day3", "day3\day3.csproj", "{02A4887E-D5B1-4DEE-B261-083D500F5DD7}"
EndProject
Project("{FAE04EC0-301F-11D3-BF4B-00C04F79EFBC}") = "day4", "day4\day4.csproj", "{7DA4511F-E338-4049-A56F-1E3A06914045}"
EndProject
Project("{2150E333-8FDC-42A3-9474-1A3956D46DE8}") = "Template", "Template", "{E1BAFEF3-3B60-4A8F-802E-927A7CE63D26}"
	ProjectSection(SolutionItems) = preProject
		template.txt = template.txt
	EndProjectSection
EndProject
Project("{FAE04EC0-301F-11D3-BF4B-00C04F79EFBC}") = "day5", "day5\day5.csproj", "{2B82F970-38A8-49F1-8BBE-C8E7392BE0C7}"
EndProject
Project("{FAE04EC0-301F-11D3-BF4B-00C04F79EFBC}") = "day6", "day6\day6.csproj", "{B1B1D299-4FE0-4F57-B5A3-DEF170ED3AE0}"
EndProject
Project("{FAE04EC0-301F-11D3-BF4B-00C04F79EFBC}") = "day7", "day7\day7.csproj", "{AE7338F4-56D4-4C0C-B639-6BBFCEF2B4DD}"
EndProject
Project("{FAE04EC0-301F-11D3-BF4B-00C04F79EFBC}") = "day8", "day8\day8.csproj", "{39ED391F-2456-4888-9914-2E544B56AEAB}"
EndProject
Global
	GlobalSection(SolutionConfigurationPlatforms) = preSolution
		Debug|Any CPU = Debug|Any CPU
		Release|Any CPU = Release|Any CPU
	EndGlobalSection
	GlobalSection(ProjectConfigurationPlatforms) = postSolution
		{7B57C4AE-0458-444E-98E9-A24E44EAEE25}.Debug|Any CPU.ActiveCfg = Debug|Any CPU
		{7B57C4AE-0458-444E-98E9-A24E44EAEE25}.Debug|Any CPU.Build.0 = Debug|Any CPU
		{7B57C4AE-0458-444E-98E9-A24E44EAEE25}.Release|Any CPU.ActiveCfg = Release|Any CPU
		{7B57C4AE-0458-444E-98E9-A24E44EAEE25}.Release|Any CPU.Build.0 = Release|Any CPU
		{011366A0-068E-47D4-A050-C26A5B7BFDCC}.Debug|Any CPU.ActiveCfg = Debug|Any CPU
		{011366A0-068E-47D4-A050-C26A5B7BFDCC}.Debug|Any CPU.Build.0 = Debug|Any CPU
		{011366A0-068E-47D4-A050-C26A5B7BFDCC}.Release|Any CPU.ActiveCfg = Release|Any CPU
		{011366A0-068E-47D4-A050-C26A5B7BFDCC}.Release|Any CPU.Build.0 = Release|Any CPU
		{02A4887E-D5B1-4DEE-B261-083D500F5DD7}.Debug|Any CPU.ActiveCfg = Debug|Any CPU
		{02A4887E-D5B1-4DEE-B261-083D500F5DD7}.Debug|Any CPU.Build.0 = Debug|Any CPU
		{02A4887E-D5B1-4DEE-B261-083D500F5DD7}.Release|Any CPU.ActiveCfg = Release|Any CPU
		{02A4887E-D5B1-4DEE-B261-083D500F5DD7}.Release|Any CPU.Build.0 = Release|Any CPU
		{7DA4511F-E338-4049-A56F-1E3A06914045}.Debug|Any CPU.ActiveCfg = Debug|Any CPU
		{7DA4511F-E338-4049-A56F-1E3A06914045}.Debug|Any CPU.Build.0 = Debug|Any CPU
		{7DA4511F-E338-4049-A56F-1E3A06914045}.Release|Any CPU.ActiveCfg = Release|Any CPU
		{7DA4511F-E338-4049-A56F-1E3A06914045}.Release|Any CPU.Build.0 = Release|Any CPU
		{2B82F970-38A8-49F1-8BBE-C8E7392BE0C7}.Debug|Any CPU.ActiveCfg = Debug|Any CPU
		{2B82F970-38A8-49F1-8BBE-C8E7392BE0C7}.Debug|Any CPU.Build.0 = Debug|Any CPU
		{2B82F970-38A8-49F1-8BBE-C8E7392BE0C7}.Release|Any CPU.ActiveCfg = Release|Any CPU
		{2B82F970-38A8-49F1-8BBE-C8E7392BE0C7}.Release|Any CPU.Build.0 = Release|Any CPU
		{B1B1D299-4FE0-4F57-B5A3-DEF170ED3AE0}.Debug|Any CPU.ActiveCfg = Debug|Any CPU
		{B1B1D299-4FE0-4F57-B5A3-DEF170ED3AE0}.Debug|Any CPU.Build.0 = Debug|Any CPU
		{B1B1D299-4FE0-4F57-B5A3-DEF170ED3AE0}.Release|Any CPU.ActiveCfg = Release|Any CPU
		{B1B1D299-4FE0-4F57-B5A3-DEF170ED3AE0}.Release|Any CPU.Build.0 = Release|Any CPU
		{AE7338F4-56D4-4C0C-B639-6BBFCEF2B4DD}.Debug|Any CPU.ActiveCfg = Debug|Any CPU
		{AE7338F4-56D4-4C0C-B639-6BBFCEF2B4DD}.Debug|Any CPU.Build.0 = Debug|Any CPU
		{AE7338F4-56D4-4C0C-B639-6BBFCEF2B4DD}.Release|Any CPU.ActiveCfg = Release|Any CPU
		{AE7338F4-56D4-4C0C-B639-6BBFCEF2B4DD}.Release|Any CPU.Build.0 = Release|Any CPU
		{39ED391F-2456-4888-9914-2E544B56AEAB}.Debug|Any CPU.ActiveCfg = Debug|Any CPU
		{39ED391F-2456-4888-9914-2E544B56AEAB}.Debug|Any CPU.Build.0 = Debug|Any CPU
		{39ED391F-2456-4888-9914-2E544B56AEAB}.Release|Any CPU.ActiveCfg = Release|Any CPU
		{39ED391F-2456-4888-9914-2E544B56AEAB}.Release|Any CPU.Build.0 = Release|Any CPU
	EndGlobalSection
	GlobalSection(SolutionProperties) = preSolution
		HideSolutionNode = FALSE
	EndGlobalSection
	GlobalSection(ExtensibilityGlobals) = postSolution
		SolutionGuid = {6466980B-D77A-4E77-AA7C-42DFA7F841D2}
	EndGlobalSection
EndGlobal
