
Microsoft Visual Studio Solution File, Format Version 12.00
# Visual Studio Version 17
VisualStudioVersion = 17.4.33103.184
MinimumVisualStudioVersion = 10.0.40219.1
Project("{FAE04EC0-301F-11D3-BF4B-00C04F79EFBC}") = "day1", "day1\day1.csproj", "{7B57C4AE-0458-444E-98E9-A24E44EAEE25}"
EndProject
Project("{FAE04EC0-301F-11D3-BF4B-00C04F79EFBC}") = "day2", "day2\day2.csproj", "{011366A0-068E-47D4-A050-C26A5B7BFDCC}"
EndProject
Project("{FAE04EC0-301F-11D3-BF4B-00C04F79EFBC}") = "day3", "day3\day3.csproj", "{02A4887E-D5B1-4DEE-B261-083D500F5DD7}"
EndProject
Project("{2150E333-8FDC-42A3-9474-1A3956D46DE8}") = "Template", "Template", "{E1BAFEF3-3B60-4A8F-802E-927A7CE63D26}"
	ProjectSection(SolutionItems) = preProject
		template.txt = template.txt
	EndProjectSection
EndProject
Global
	GlobalSection(SolutionConfigurationPlatforms) = preSolution
		Debug|Any CPU = Debug|Any CPU
		Release|Any CPU = Release|Any CPU
	EndGlobalSection
	GlobalSection(ProjectConfigurationPlatforms) = postSolution
		{7B57C4AE-0458-444E-98E9-A24E44EAEE25}.Debug|Any CPU.ActiveCfg = Debug|Any CPU
		{7B57C4AE-0458-444E-98E9-A24E44EAEE25}.Debug|Any CPU.Build.0 = Debug|Any CPU
		{7B57C4AE-0458-444E-98E9-A24E44EAEE25}.Release|Any CPU.ActiveCfg = Release|Any CPU
		{7B57C4AE-0458-444E-98E9-A24E44EAEE25}.Release|Any CPU.Build.0 = Release|Any CPU
		{011366A0-068E-47D4-A050-C26A5B7BFDCC}.Debug|Any CPU.ActiveCfg = Debug|Any CPU
		{011366A0-068E-47D4-A050-C26A5B7BFDCC}.Debug|Any CPU.Build.0 = Debug|Any CPU
		{011366A0-068E-47D4-A050-C26A5B7BFDCC}.Release|Any CPU.ActiveCfg = Release|Any CPU
		{011366A0-068E-47D4-A050-C26A5B7BFDCC}.Release|Any CPU.Build.0 = Release|Any CPU
		{02A4887E-D5B1-4DEE-B261-083D500F5DD7}.Debug|Any CPU.ActiveCfg = Debug|Any CPU
		{02A4887E-D5B1-4DEE-B261-083D500F5DD7}.Debug|Any CPU.Build.0 = Debug|Any CPU
		{02A4887E-D5B1-4DEE-B261-083D500F5DD7}.Release|Any CPU.ActiveCfg = Release|Any CPU
		{02A4887E-D5B1-4DEE-B261-083D500F5DD7}.Release|Any CPU.Build.0 = Release|Any CPU
	EndGlobalSection
	GlobalSection(SolutionProperties) = preSolution
		HideSolutionNode = FALSE
	EndGlobalSection
	GlobalSection(ExtensibilityGlobals) = postSolution
		SolutionGuid = {6466980B-D77A-4E77-AA7C-42DFA7F841D2}
	EndGlobalSection
EndGlobal
